// !$*UTF8*$!
{
	archiveVersion = 1;
	classes = {
	};
	objectVersion = 50;
	objects = {

/* Begin PBXBuildFile section */
		EF2A33BB2F153E7400999B07 /* AirExplorerApp.swift in Sources */ = {isa = PBXBuildFile; fileRef = EF2A33BA2F153E7400999B07 /* AirExplorerApp.swift */; };
		EF2A33BD2F153E7400999B07 /* ContentView.swift in Sources */ = {isa = PBXBuildFile; fileRef = EF2A33BC2F153E7400999B07 /* ContentView.swift */; };
		EF2A33BF2F153E7600999B07 /* Assets.xcassets in Resources */ = {isa = PBXBuildFile; fileRef = EF2A33BE2F153E7600999B07 /* Assets.xcassets */; };
		EF2A33C22F153E7600999B07 /* Preview Assets.xcassets in Resources */ = {isa = PBXBuildFile; fileRef = EF2A33C12F153E7600999B07 /* Preview Assets.xcassets */; };
		EF2A33CE2F1540D500999B07 /* Aircraft.swift in Sources */ = {isa = PBXBuildFile; fileRef = EF2A33CD2F1540D500999B07 /* Aircraft.swift */; };
		EF2A33D32F15411900999B07 /* User.swift in Sources */ = {isa = PBXBuildFile; fileRef = EF2A33D22F15411900999B07 /* User.swift */; };
/* End PBXBuildFile section */

/* Begin PBXFileReference section */
		EF2A33B72F153E7400999B07 /* AirExplorer.app */ = {isa = PBXFileReference; explicitFileType = wrapper.application; includeInIndex = 0; path = AirExplorer.app; sourceTree = BUILT_PRODUCTS_DIR; };
		EF2A33BA2F153E7400999B07 /* AirExplorerApp.swift */ = {isa = PBXFileReference; lastKnownFileType = sourcecode.swift; path = AirExplorerApp.swift; sourceTree = "<group>"; };
		EF2A33BC2F153E7400999B07 /* ContentView.swift */ = {isa = PBXFileReference; lastKnownFileType = sourcecode.swift; path = ContentView.swift; sourceTree = "<group>"; };
		EF2A33BE2F153E7600999B07 /* Assets.xcassets */ = {isa = PBXFileReference; lastKnownFileType = folder.assetcatalog; path = Assets.xcassets; sourceTree = "<group>"; };
		EF2A33C12F153E7600999B07 /* Preview Assets.xcassets */ = {isa = PBXFileReference; lastKnownFileType = folder.assetcatalog; path = "Preview Assets.xcassets"; sourceTree = "<group>"; };
		EF2A33C32F153E7600999B07 /* Info.plist */ = {isa = PBXFileReference; lastKnownFileType = text.plist.xml; path = Info.plist; sourceTree = "<group>"; };
		EF2A33CD2F1540D500999B07 /* Aircraft.swift */ = {isa = PBXFileReference; lastKnownFileType = sourcecode.swift; path = Aircraft.swift; sourceTree = "<group>"; };
		EF2A33D22F15411900999B07 /* User.swift */ = {isa = PBXFileReference; lastKnownFileType = sourcecode.swift; path = User.swift; sourceTree = "<group>"; };
/* End PBXFileReference section */

/* Begin PBXFrameworksBuildPhase section */
		EF2A33B42F153E7400999B07 /* Frameworks */ = {
			isa = PBXFrameworksBuildPhase;
			buildActionMask = 2147483647;
			files = (
			);
			runOnlyForDeploymentPostprocessing = 0;
		};
/* End PBXFrameworksBuildPhase section */

/* Begin PBXGroup section */
		EF2A33AE2F153E7400999B07 = {
			isa = PBXGroup;
			children = (
				EF2A33B92F153E7400999B07 /* AirExplorer */,
				EF2A33B82F153E7400999B07 /* Products */,
			);
			sourceTree = "<group>";
		};
		EF2A33B82F153E7400999B07 /* Products */ = {
			isa = PBXGroup;
			children = (
				EF2A33B72F153E7400999B07 /* AirExplorer.app */,
			);
			name = Products;
			sourceTree = "<group>";
		};
		EF2A33B92F153E7400999B07 /* AirExplorer */ = {
			isa = PBXGroup;
			children = (
				EF2A33CC2F1540B900999B07 /* ViewModel */,
				EF2A33CB2F1540B200999B07 /* View */,
				EF2A33CA2F1540A100999B07 /* Model */,
				EF2A33BA2F153E7400999B07 /* AirExplorerApp.swift */,
				EF2A33BE2F153E7600999B07 /* Assets.xcassets */,
				EF2A33C32F153E7600999B07 /* Info.plist */,
				EF2A33C02F153E7600999B07 /* Preview Content */,
			);
			path = AirExplorer;
			sourceTree = "<group>";
		};
		EF2A33C02F153E7600999B07 /* Preview Content */ = {
			isa = PBXGroup;
			children = (
				EF2A33C12F153E7600999B07 /* Preview Assets.xcassets */,
			);
			path = "Preview Content";
			sourceTree = "<group>";
		};
		EF2A33CA2F1540A100999B07 /* Model */ = {
			isa = PBXGroup;
			children = (
				EF2A33CD2F1540D500999B07 /* Aircraft.swift */,
				EF2A33D22F15411900999B07 /* User.swift */,
			);
			path = Model;
			sourceTree = "<group>";
		};
		EF2A33CB2F1540B200999B07 /* View */ = {
			isa = PBXGroup;
			children = (
				EF2A33BC2F153E7400999B07 /* ContentView.swift */,
			);
			path = View;
			sourceTree = "<group>";
		};
		EF2A33CC2F1540B900999B07 /* ViewModel */ = {
			isa = PBXGroup;
			children = (
			);
			path = ViewModel;
			sourceTree = "<group>";
		};
/* End PBXGroup section */

/* Begin PBXNativeTarget section */
		EF2A33B62F153E7400999B07 /* AirExplorer */ = {
			isa = PBXNativeTarget;
			buildConfigurationList = EF2A33C62F153E7600999B07 /* Build configuration list for PBXNativeTarget "AirExplorer" */;
			buildPhases = (
				EF2A33B32F153E7400999B07 /* Sources */,
				EF2A33B42F153E7400999B07 /* Frameworks */,
				EF2A33B52F153E7400999B07 /* Resources */,
			);
			buildRules = (
			);
			dependencies = (
			);
			name = AirExplorer;
			productName = AirExplorer;
			productReference = EF2A33B72F153E7400999B07 /* AirExplorer.app */;
			productType = "com.apple.product-type.application";
		};
/* End PBXNativeTarget section */

/* Begin PBXProject section */
		EF2A33AF2F153E7400999B07 /* Project object */ = {
			isa = PBXProject;
			attributes = {
				LastSwiftUpdateCheck = 1240;
				LastUpgradeCheck = 1240;
				TargetAttributes = {
					EF2A33B62F153E7400999B07 = {
						CreatedOnToolsVersion = 12.4;
					};
				};
			};
			buildConfigurationList = EF2A33B22F153E7400999B07 /* Build configuration list for PBXProject "AirExplorer" */;
			compatibilityVersion = "Xcode 9.3";
			developmentRegion = en;
			hasScannedForEncodings = 0;
			knownRegions = (
				en,
				Base,
			);
			mainGroup = EF2A33AE2F153E7400999B07;
			productRefGroup = EF2A33B82F153E7400999B07 /* Products */;
			projectDirPath = "";
			projectRoot = "";
			targets = (
				EF2A33B62F153E7400999B07 /* AirExplorer */,
			);
		};
/* End PBXProject section */

/* Begin PBXResourcesBuildPhase section */
		EF2A33B52F153E7400999B07 /* Resources */ = {
			isa = PBXResourcesBuildPhase;
			buildActionMask = 2147483647;
			files = (
				EF2A33C22F153E7600999B07 /* Preview Assets.xcassets in Resources */,
				EF2A33BF2F153E7600999B07 /* Assets.xcassets in Resources */,
			);
			runOnlyForDeploymentPostprocessing = 0;
		};
/* End PBXResourcesBuildPhase section */

/* Begin PBXSourcesBuildPhase section */
		EF2A33B32F153E7400999B07 /* Sources */ = {
			isa = PBXSourcesBuildPhase;
			buildActionMask = 2147483647;
			files = (
				EF2A33D32F15411900999B07 /* User.swift in Sources */,
				EF2A33BD2F153E7400999B07 /* ContentView.swift in Sources */,
				EF2A33CE2F1540D500999B07 /* Aircraft.swift in Sources */,
				EF2A33BB2F153E7400999B07 /* AirExplorerApp.swift in Sources */,
			);
			runOnlyForDeploymentPostprocessing = 0;
		};
/* End PBXSourcesBuildPhase section */

/* Begin XCBuildConfiguration section */
		EF2A33C42F153E7600999B07 /* Debug */ = {
			isa = XCBuildConfiguration;
			buildSettings = {
				ALWAYS_SEARCH_USER_PATHS = NO;
				CLANG_ANALYZER_NONNULL = YES;
				CLANG_ANALYZER_NUMBER_OBJECT_CONVERSION = YES_AGGRESSIVE;
				CLANG_CXX_LANGUAGE_STANDARD = "gnu++14";
				CLANG_CXX_LIBRARY = "libc++";
				CLANG_ENABLE_MODULES = YES;
				CLANG_ENABLE_OBJC_ARC = YES;
				CLANG_ENABLE_OBJC_WEAK = YES;
				CLANG_WARN_BLOCK_CAPTURE_AUTORELEASING = YES;
				CLANG_WARN_BOOL_CONVERSION = YES;
				CLANG_WARN_COMMA = YES;
				CLANG_WARN_CONSTANT_CONVERSION = YES;
				CLANG_WARN_DEPRECATED_OBJC_IMPLEMENTATIONS = YES;
				CLANG_WARN_DIRECT_OBJC_ISA_USAGE = YES_ERROR;
				CLANG_WARN_DOCUMENTATION_COMMENTS = YES;
				CLANG_WARN_EMPTY_BODY = YES;
				CLANG_WARN_ENUM_CONVERSION = YES;
				CLANG_WARN_INFINITE_RECURSION = YES;
				CLANG_WARN_INT_CONVERSION = YES;
				CLANG_WARN_NON_LITERAL_NULL_CONVERSION = YES;
				CLANG_WARN_OBJC_IMPLICIT_RETAIN_SELF = YES;
				CLANG_WARN_OBJC_LITERAL_CONVERSION = YES;
				CLANG_WARN_OBJC_ROOT_CLASS = YES_ERROR;
				CLANG_WARN_QUOTED_INCLUDE_IN_FRAMEWORK_HEADER = YES;
				CLANG_WARN_RANGE_LOOP_ANALYSIS = YES;
				CLANG_WARN_STRICT_PROTOTYPES = YES;
				CLANG_WARN_SUSPICIOUS_MOVE = YES;
				CLANG_WARN_UNGUARDED_AVAILABILITY = YES_AGGRESSIVE;
				CLANG_WARN_UNREACHABLE_CODE = YES;
				CLANG_WARN__DUPLICATE_METHOD_MATCH = YES;
				COPY_PHASE_STRIP = NO;
				DEBUG_INFORMATION_FORMAT = dwarf;
				ENABLE_STRICT_OBJC_MSGSEND = YES;
				ENABLE_TESTABILITY = YES;
				GCC_C_LANGUAGE_STANDARD = gnu11;
				GCC_DYNAMIC_NO_PIC = NO;
				GCC_NO_COMMON_BLOCKS = YES;
				GCC_OPTIMIZATION_LEVEL = 0;
				GCC_PREPROCESSOR_DEFINITIONS = (
					"DEBUG=1",
					"$(inherited)",
				);
				GCC_WARN_64_TO_32_BIT_CONVERSION = YES;
				GCC_WARN_ABOUT_RETURN_TYPE = YES_ERROR;
				GCC_WARN_UNDECLARED_SELECTOR = YES;
				GCC_WARN_UNINITIALIZED_AUTOS = YES_AGGRESSIVE;
				GCC_WARN_UNUSED_FUNCTION = YES;
				GCC_WARN_UNUSED_VARIABLE = YES;
				IPHONEOS_DEPLOYMENT_TARGET = 14.4;
				MTL_ENABLE_DEBUG_INFO = INCLUDE_SOURCE;
				MTL_FAST_MATH = YES;
				ONLY_ACTIVE_ARCH = YES;
				SDKROOT = iphoneos;
				SWIFT_ACTIVE_COMPILATION_CONDITIONS = DEBUG;
				SWIFT_OPTIMIZATION_LEVEL = "-Onone";
			};
			name = Debug;
		};
		EF2A33C52F153E7600999B07 /* Release */ = {
			isa = XCBuildConfiguration;
			buildSettings = {
				ALWAYS_SEARCH_USER_PATHS = NO;
				CLANG_ANALYZER_NONNULL = YES;
				CLANG_ANALYZER_NUMBER_OBJECT_CONVERSION = YES_AGGRESSIVE;
				CLANG_CXX_LANGUAGE_STANDARD = "gnu++14";
				CLANG_CXX_LIBRARY = "libc++";
				CLANG_ENABLE_MODULES = YES;
				CLANG_ENABLE_OBJC_ARC = YES;
				CLANG_ENABLE_OBJC_WEAK = YES;
				CLANG_WARN_BLOCK_CAPTURE_AUTORELEASING = YES;
				CLANG_WARN_BOOL_CONVERSION = YES;
				CLANG_WARN_COMMA = YES;
				CLANG_WARN_CONSTANT_CONVERSION = YES;
				CLANG_WARN_DEPRECATED_OBJC_IMPLEMENTATIONS = YES;
				CLANG_WARN_DIRECT_OBJC_ISA_USAGE = YES_ERROR;
				CLANG_WARN_DOCUMENTATION_COMMENTS = YES;
				CLANG_WARN_EMPTY_BODY = YES;
				CLANG_WARN_ENUM_CONVERSION = YES;
				CLANG_WARN_INFINITE_RECURSION = YES;
				CLANG_WARN_INT_CONVERSION = YES;
				CLANG_WARN_NON_LITERAL_NULL_CONVERSION = YES;
				CLANG_WARN_OBJC_IMPLICIT_RETAIN_SELF = YES;
				CLANG_WARN_OBJC_LITERAL_CONVERSION = YES;
				CLANG_WARN_OBJC_ROOT_CLASS = YES_ERROR;
				CLANG_WARN_QUOTED_INCLUDE_IN_FRAMEWORK_HEADER = YES;
				CLANG_WARN_RANGE_LOOP_ANALYSIS = YES;
				CLANG_WARN_STRICT_PROTOTYPES = YES;
				CLANG_WARN_SUSPICIOUS_MOVE = YES;
				CLANG_WARN_UNGUARDED_AVAILABILITY = YES_AGGRESSIVE;
				CLANG_WARN_UNREACHABLE_CODE = YES;
				CLANG_WARN__DUPLICATE_METHOD_MATCH = YES;
				COPY_PHASE_STRIP = NO;
				DEBUG_INFORMATION_FORMAT = "dwarf-with-dsym";
				ENABLE_NS_ASSERTIONS = NO;
				ENABLE_STRICT_OBJC_MSGSEND = YES;
				GCC_C_LANGUAGE_STANDARD = gnu11;
				GCC_NO_COMMON_BLOCKS = YES;
				GCC_WARN_64_TO_32_BIT_CONVERSION = YES;
				GCC_WARN_ABOUT_RETURN_TYPE = YES_ERROR;
				GCC_WARN_UNDECLARED_SELECTOR = YES;
				GCC_WARN_UNINITIALIZED_AUTOS = YES_AGGRESSIVE;
				GCC_WARN_UNUSED_FUNCTION = YES;
				GCC_WARN_UNUSED_VARIABLE = YES;
				IPHONEOS_DEPLOYMENT_TARGET = 14.4;
				MTL_ENABLE_DEBUG_INFO = NO;
				MTL_FAST_MATH = YES;
				SDKROOT = iphoneos;
				SWIFT_COMPILATION_MODE = wholemodule;
				SWIFT_OPTIMIZATION_LEVEL = "-O";
				VALIDATE_PRODUCT = YES;
			};
			name = Release;
		};
		EF2A33C72F153E7600999B07 /* Debug */ = {
			isa = XCBuildConfiguration;
			buildSettings = {
				ASSETCATALOG_COMPILER_APPICON_NAME = AppIcon;
				ASSETCATALOG_COMPILER_GLOBAL_ACCENT_COLOR_NAME = AccentColor;
				CODE_SIGN_STYLE = Automatic;
				DEVELOPMENT_ASSET_PATHS = "\"AirExplorer/Preview Content\"";
				ENABLE_PREVIEWS = YES;
				INFOPLIST_FILE = AirExplorer/Info.plist;
				IPHONEOS_DEPLOYMENT_TARGET = 14.0;
				LD_RUNPATH_SEARCH_PATHS = (
					"$(inherited)",
					"@executable_path/Frameworks",
				);
				PRODUCT_BUNDLE_IDENTIFIER = lasalle.AirExplorer;
				PRODUCT_NAME = "$(TARGET_NAME)";
				SWIFT_VERSION = 5.0;
				TARGETED_DEVICE_FAMILY = "1,2";
			};
			name = Debug;
		};
		EF2A33C82F153E7600999B07 /* Release */ = {
			isa = XCBuildConfiguration;
			buildSettings = {
				ASSETCATALOG_COMPILER_APPICON_NAME = AppIcon;
				ASSETCATALOG_COMPILER_GLOBAL_ACCENT_COLOR_NAME = AccentColor;
				CODE_SIGN_STYLE = Automatic;
				DEVELOPMENT_ASSET_PATHS = "\"AirExplorer/Preview Content\"";
				ENABLE_PREVIEWS = YES;
				INFOPLIST_FILE = AirExplorer/Info.plist;
				IPHONEOS_DEPLOYMENT_TARGET = 14.0;
				LD_RUNPATH_SEARCH_PATHS = (
					"$(inherited)",
					"@executable_path/Frameworks",
				);
				PRODUCT_BUNDLE_IDENTIFIER = lasalle.AirExplorer;
				PRODUCT_NAME = "$(TARGET_NAME)";
				SWIFT_VERSION = 5.0;
				TARGETED_DEVICE_FAMILY = "1,2";
			};
			name = Release;
		};
/* End XCBuildConfiguration section */

/* Begin XCConfigurationList section */
		EF2A33B22F153E7400999B07 /* Build configuration list for PBXProject "AirExplorer" */ = {
			isa = XCConfigurationList;
			buildConfigurations = (
				EF2A33C42F153E7600999B07 /* Debug */,
				EF2A33C52F153E7600999B07 /* Release */,
			);
			defaultConfigurationIsVisible = 0;
			defaultConfigurationName = Release;
		};
		EF2A33C62F153E7600999B07 /* Build configuration list for PBXNativeTarget "AirExplorer" */ = {
			isa = XCConfigurationList;
			buildConfigurations = (
				EF2A33C72F153E7600999B07 /* Debug */,
				EF2A33C82F153E7600999B07 /* Release */,
			);
			defaultConfigurationIsVisible = 0;
			defaultConfigurationName = Release;
		};
/* End XCConfigurationList section */
	};
	rootObject = EF2A33AF2F153E7400999B07 /* Project object */;
}
